
Microsoft Visual Studio Solution File, Format Version 12.00
# Visual Studio 14
VisualStudioVersion = 14.0.24720.0
MinimumVisualStudioVersion = 10.0.40219.1
Project("{FAE04EC0-301F-11D3-BF4B-00C04F79EFBC}") = "Web_Search_Engine", "Web_Search_Engine\Web_Search_Engine.csproj", "{D68AF4D2-E445-4A3E-92AD-119B0921DC2E}"
EndProject
Global
	GlobalSection(SolutionConfigurationPlatforms) = preSolution
		Debug|Any CPU = Debug|Any CPU
		Release|Any CPU = Release|Any CPU
	EndGlobalSection
	GlobalSection(ProjectConfigurationPlatforms) = postSolution
		{D68AF4D2-E445-4A3E-92AD-119B0921DC2E}.Debug|Any CPU.ActiveCfg = Debug|Any CPU
		{D68AF4D2-E445-4A3E-92AD-119B0921DC2E}.Debug|Any CPU.Build.0 = Debug|Any CPU
		{D68AF4D2-E445-4A3E-92AD-119B0921DC2E}.Release|Any CPU.ActiveCfg = Release|Any CPU
		{D68AF4D2-E445-4A3E-92AD-119B0921DC2E}.Release|Any CPU.Build.0 = Release|Any CPU
	EndGlobalSection
	GlobalSection(SolutionProperties) = preSolution
		HideSolutionNode = FALSE
	EndGlobalSection
EndGlobal
